
Microsoft Visual Studio Solution File, Format Version 12.00
# Visual Studio Version 17
VisualStudioVersion = 17.1.32421.90
MinimumVisualStudioVersion = 10.0.40219.1
Project("{FAE04EC0-301F-11D3-BF4B-00C04F79EFBC}") = "OAuth-Authorization-Server", "OAuth-Authorization-Server\OAuth-Authorization-Server.csproj", "{61440C15-60E0-450B-99C3-713B6A56904C}"
EndProject
Global
	GlobalSection(SolutionConfigurationPlatforms) = preSolution
		Debug|Any CPU = Debug|Any CPU
		Release|Any CPU = Release|Any CPU
	EndGlobalSection
	GlobalSection(ProjectConfigurationPlatforms) = postSolution
		{61440C15-60E0-450B-99C3-713B6A56904C}.Debug|Any CPU.ActiveCfg = Debug|Any CPU
		{61440C15-60E0-450B-99C3-713B6A56904C}.Debug|Any CPU.Build.0 = Debug|Any CPU
		{61440C15-60E0-450B-99C3-713B6A56904C}.Release|Any CPU.ActiveCfg = Release|Any CPU
		{61440C15-60E0-450B-99C3-713B6A56904C}.Release|Any CPU.Build.0 = Release|Any CPU
	EndGlobalSection
	GlobalSection(SolutionProperties) = preSolution
		HideSolutionNode = FALSE
	EndGlobalSection
	GlobalSection(ExtensibilityGlobals) = postSolution
		SolutionGuid = {7A15EFA9-3F5C-40A2-92BD-A51E4D717D06}
	EndGlobalSection
EndGlobal
